
Microsoft Visual Studio Solution File, Format Version 12.00
# Visual Studio 14
VisualStudioVersion = 14.0.25420.1
MinimumVisualStudioVersion = 10.0.40219.1
Project("{FAE04EC0-301F-11D3-BF4B-00C04F79EFBC}") = "ProcessD2CMessage", "ProcessD2CMessage\ProcessD2CMessage.csproj", "{DE5EB163-D3FA-480F-93EC-17DF4BC82F41}"
EndProject
Project("{FAE04EC0-301F-11D3-BF4B-00C04F79EFBC}") = "CreateDeviceIdentity", "CreateDeviceIdentity\CreateDeviceIdentity.csproj", "{5D1D6129-EB1D-4252-B4C4-3270AD72FC27}"
EndProject
Project("{FAE04EC0-301F-11D3-BF4B-00C04F79EFBC}") = "SimulatedDevice", "SimulatedDevice\SimulatedDevice.csproj", "{8828056D-3874-4C57-A1D0-38CB1B4AF20E}"
EndProject
Project("{FAE04EC0-301F-11D3-BF4B-00C04F79EFBC}") = "QueueMsg", "QueueMsg\QueueMsg.csproj", "{351D20F4-59AD-4275-91D3-75706DF659A3}"
EndProject
Project("{FAE04EC0-301F-11D3-BF4B-00C04F79EFBC}") = "DequeueMsg", "DequeueMsg\DequeueMsg.csproj", "{85F279C9-3226-44B5-BD20-BAC6A301E564}"
EndProject
Global
	GlobalSection(SolutionConfigurationPlatforms) = preSolution
		Debug|Any CPU = Debug|Any CPU
		Release|Any CPU = Release|Any CPU
	EndGlobalSection
	GlobalSection(ProjectConfigurationPlatforms) = postSolution
		{DE5EB163-D3FA-480F-93EC-17DF4BC82F41}.Debug|Any CPU.ActiveCfg = Debug|Any CPU
		{DE5EB163-D3FA-480F-93EC-17DF4BC82F41}.Debug|Any CPU.Build.0 = Debug|Any CPU
		{DE5EB163-D3FA-480F-93EC-17DF4BC82F41}.Release|Any CPU.ActiveCfg = Release|Any CPU
		{DE5EB163-D3FA-480F-93EC-17DF4BC82F41}.Release|Any CPU.Build.0 = Release|Any CPU
		{5D1D6129-EB1D-4252-B4C4-3270AD72FC27}.Debug|Any CPU.ActiveCfg = Debug|Any CPU
		{5D1D6129-EB1D-4252-B4C4-3270AD72FC27}.Debug|Any CPU.Build.0 = Debug|Any CPU
		{5D1D6129-EB1D-4252-B4C4-3270AD72FC27}.Release|Any CPU.ActiveCfg = Release|Any CPU
		{5D1D6129-EB1D-4252-B4C4-3270AD72FC27}.Release|Any CPU.Build.0 = Release|Any CPU
		{8828056D-3874-4C57-A1D0-38CB1B4AF20E}.Debug|Any CPU.ActiveCfg = Debug|Any CPU
		{8828056D-3874-4C57-A1D0-38CB1B4AF20E}.Debug|Any CPU.Build.0 = Debug|Any CPU
		{8828056D-3874-4C57-A1D0-38CB1B4AF20E}.Release|Any CPU.ActiveCfg = Release|Any CPU
		{8828056D-3874-4C57-A1D0-38CB1B4AF20E}.Release|Any CPU.Build.0 = Release|Any CPU
		{351D20F4-59AD-4275-91D3-75706DF659A3}.Debug|Any CPU.ActiveCfg = Debug|Any CPU
		{351D20F4-59AD-4275-91D3-75706DF659A3}.Debug|Any CPU.Build.0 = Debug|Any CPU
		{351D20F4-59AD-4275-91D3-75706DF659A3}.Release|Any CPU.ActiveCfg = Release|Any CPU
		{351D20F4-59AD-4275-91D3-75706DF659A3}.Release|Any CPU.Build.0 = Release|Any CPU
		{85F279C9-3226-44B5-BD20-BAC6A301E564}.Debug|Any CPU.ActiveCfg = Debug|Any CPU
		{85F279C9-3226-44B5-BD20-BAC6A301E564}.Debug|Any CPU.Build.0 = Debug|Any CPU
		{85F279C9-3226-44B5-BD20-BAC6A301E564}.Release|Any CPU.ActiveCfg = Release|Any CPU
		{85F279C9-3226-44B5-BD20-BAC6A301E564}.Release|Any CPU.Build.0 = Release|Any CPU
	EndGlobalSection
	GlobalSection(SolutionProperties) = preSolution
		HideSolutionNode = FALSE
	EndGlobalSection
	GlobalSection(ExtensibilityGlobals) = postSolution
		EnterpriseLibraryConfigurationToolBinariesPathV6 = packages\EnterpriseLibrary.TransientFaultHandling.6.0.1304.0\lib\portable-net45+win+wp8
	EndGlobalSection
EndGlobal
